schema: '2.0'
stages:
  data:
    cmd: python src/data.py
    deps:
    - path: src/data.py
      hash: md5
      md5: bd334e3138bebb6c064de7a02ae30ddc
      size: 3946
    outs:
    - path: data/processed/dev_data.json
      hash: md5
      md5: e4df6150a83ee573a9925af6a5c07e39
      size: 214240
    - path: data/processed/tag2id.json
      hash: md5
      md5: d32d6b95c5fe744684f7b14d453ede1d
      size: 421
    - path: data/processed/test_data.json
      hash: md5
      md5: fafd477e4c923a4d685e55e142891161
      size: 232344
    - path: data/processed/train_data.json
      hash: md5
      md5: 855e69a63ace434be6dba0bf74fcae54
      size: 1927019
    - path: data/processed/word2id.json
      hash: md5
      md5: a6f9fa88a4467623beddccfb9541970d
      size: 22104
  train:
    cmd: python src/train.py
    deps:
    - path: data/processed/dev_data.json
      hash: md5
      md5: e4df6150a83ee573a9925af6a5c07e39
      size: 214240
    - path: data/processed/tag2id.json
      hash: md5
      md5: d32d6b95c5fe744684f7b14d453ede1d
      size: 421
    - path: data/processed/train_data.json
      hash: md5
      md5: 855e69a63ace434be6dba0bf74fcae54
      size: 1927019
    - path: data/processed/word2id.json
      hash: md5
      md5: a6f9fa88a4467623beddccfb9541970d
      size: 22104
    - path: src/train.py
      hash: md5
      md5: a62690ac9d1773f1d89f6b598c2f9fc6
      size: 16941
    outs:
    - path: models/model.pkl
      hash: md5
      md5: 1bd0596b899d73a051f7e23fcfd82bb0
      size: 15471642
  evaluate:
    cmd: python src/evaluate.py
    deps:
    - path: data/processed/tag2id.json
      hash: md5
      md5: d32d6b95c5fe744684f7b14d453ede1d
      size: 421
    - path: data/processed/test_data.json
      hash: md5
      md5: fafd477e4c923a4d685e55e142891161
      size: 232344
    - path: data/processed/word2id.json
      hash: md5
      md5: a6f9fa88a4467623beddccfb9541970d
      size: 22104
    - path: models/model.pkl
      hash: md5
      md5: 1bd0596b899d73a051f7e23fcfd82bb0
      size: 15471642
    - path: src/evaluate.py
      hash: md5
      md5: 2f6c27f54b907b5121c93eade71f31f6
      size: 1676
